
Microsoft Visual Studio Solution File, Format Version 12.00
# Visual Studio Version 17
VisualStudioVersion = 17.9.34616.47
MinimumVisualStudioVersion = 10.0.40219.1
Project("{FAE04EC0-301F-11D3-BF4B-00C04F79EFBC}") = "SymmetricalEncrypting", "SymmetricalEncrypting.csproj", "{7506249C-D6D3-41EE-A43A-466C6AE322C9}"
EndProject
Global
	GlobalSection(SolutionConfigurationPlatforms) = preSolution
		Debug|Any CPU = Debug|Any CPU
		Release|Any CPU = Release|Any CPU
	EndGlobalSection
	GlobalSection(ProjectConfigurationPlatforms) = postSolution
		{7506249C-D6D3-41EE-A43A-466C6AE322C9}.Debug|Any CPU.ActiveCfg = Debug|Any CPU
		{7506249C-D6D3-41EE-A43A-466C6AE322C9}.Debug|Any CPU.Build.0 = Debug|Any CPU
		{7506249C-D6D3-41EE-A43A-466C6AE322C9}.Release|Any CPU.ActiveCfg = Release|Any CPU
		{7506249C-D6D3-41EE-A43A-466C6AE322C9}.Release|Any CPU.Build.0 = Release|Any CPU
	EndGlobalSection
	GlobalSection(SolutionProperties) = preSolution
		HideSolutionNode = FALSE
	EndGlobalSection
	GlobalSection(ExtensibilityGlobals) = postSolution
		SolutionGuid = {2F578AC8-D1E0-4612-B4FB-39F2DA1F663D}
	EndGlobalSection
EndGlobal
